
Microsoft Visual Studio Solution File, Format Version 12.00
# Visual Studio Version 16
VisualStudioVersion = 16.0.30503.244
MinimumVisualStudioVersion = 10.0.40219.1
Project("{FAE04EC0-301F-11D3-BF4B-00C04F79EFBC}") = "FIRST QUARTERLY ASSESSMENTY", "FIRST QUARTERLY ASSESSMENTY.csproj", "{C2D682EB-7BEA-4539-800D-57121A1C18B1}"
EndProject
Global
	GlobalSection(SolutionConfigurationPlatforms) = preSolution
		Debug|Any CPU = Debug|Any CPU
		Release|Any CPU = Release|Any CPU
	EndGlobalSection
	GlobalSection(ProjectConfigurationPlatforms) = postSolution
		{C2D682EB-7BEA-4539-800D-57121A1C18B1}.Debug|Any CPU.ActiveCfg = Debug|Any CPU
		{C2D682EB-7BEA-4539-800D-57121A1C18B1}.Debug|Any CPU.Build.0 = Debug|Any CPU
		{C2D682EB-7BEA-4539-800D-57121A1C18B1}.Release|Any CPU.ActiveCfg = Release|Any CPU
		{C2D682EB-7BEA-4539-800D-57121A1C18B1}.Release|Any CPU.Build.0 = Release|Any CPU
	EndGlobalSection
	GlobalSection(SolutionProperties) = preSolution
		HideSolutionNode = FALSE
	EndGlobalSection
	GlobalSection(ExtensibilityGlobals) = postSolution
		SolutionGuid = {64906261-D331-4B8A-815C-79B9BE72492D}
	EndGlobalSection
EndGlobal
